// !$*UTF8*$!
{
	archiveVersion = 1;
	classes = {
	};
	objectVersion = 50;
	objects = {

/* Begin PBXBuildFile section */
		041C4F5A22AC70210036BEEC /* SecondViewController.swift in Sources */ = {isa = PBXBuildFile; fileRef = 041C4F5922AC70210036BEEC /* SecondViewController.swift */; };
		041C4F6222AC70390036BEEC /* UIButtonExtension.swift in Sources */ = {isa = PBXBuildFile; fileRef = 041C4F6022AC70390036BEEC /* UIButtonExtension.swift */; };
		041C4F6322AC70390036BEEC /* UIViewExtension.swift in Sources */ = {isa = PBXBuildFile; fileRef = 041C4F6122AC70390036BEEC /* UIViewExtension.swift */; };
		3355F6AB22A99E20001FDE0E /* AppDelegate.swift in Sources */ = {isa = PBXBuildFile; fileRef = 3355F6AA22A99E20001FDE0E /* AppDelegate.swift */; };
		3355F6AD22A99E20001FDE0E /* ViewController.swift in Sources */ = {isa = PBXBuildFile; fileRef = 3355F6AC22A99E20001FDE0E /* ViewController.swift */; };
		3355F6B022A99E20001FDE0E /* Main.storyboard in Resources */ = {isa = PBXBuildFile; fileRef = 3355F6AE22A99E20001FDE0E /* Main.storyboard */; };
		3355F6B322A99E20001FDE0E /* NotesCollection.xcdatamodeld in Sources */ = {isa = PBXBuildFile; fileRef = 3355F6B122A99E20001FDE0E /* NotesCollection.xcdatamodeld */; };
		3355F6B522A99E21001FDE0E /* Assets.xcassets in Resources */ = {isa = PBXBuildFile; fileRef = 3355F6B422A99E21001FDE0E /* Assets.xcassets */; };
		3355F6B822A99E21001FDE0E /* LaunchScreen.storyboard in Resources */ = {isa = PBXBuildFile; fileRef = 3355F6B622A99E21001FDE0E /* LaunchScreen.storyboard */; };
		3355F6C322A9A502001FDE0E /* NoteType.swift in Sources */ = {isa = PBXBuildFile; fileRef = 3355F6C222A9A502001FDE0E /* NoteType.swift */; };
		3355F6C522A9AB4A001FDE0E /* PostItCollectionTableViewCell.swift in Sources */ = {isa = PBXBuildFile; fileRef = 3355F6C422A9AB4A001FDE0E /* PostItCollectionTableViewCell.swift */; };
		3355F6C722A9ACAF001FDE0E /* PostItCollectionViewCell.swift in Sources */ = {isa = PBXBuildFile; fileRef = 3355F6C622A9ACAF001FDE0E /* PostItCollectionViewCell.swift */; };
/* End PBXBuildFile section */

/* Begin PBXFileReference section */
		041C4F5922AC70210036BEEC /* SecondViewController.swift */ = {isa = PBXFileReference; fileEncoding = 4; lastKnownFileType = sourcecode.swift; path = SecondViewController.swift; sourceTree = "<group>"; };
		041C4F6022AC70390036BEEC /* UIButtonExtension.swift */ = {isa = PBXFileReference; fileEncoding = 4; lastKnownFileType = sourcecode.swift; path = UIButtonExtension.swift; sourceTree = "<group>"; };
		041C4F6122AC70390036BEEC /* UIViewExtension.swift */ = {isa = PBXFileReference; fileEncoding = 4; lastKnownFileType = sourcecode.swift; path = UIViewExtension.swift; sourceTree = "<group>"; };
		3355F6A722A99E20001FDE0E /* NotesCollection.app */ = {isa = PBXFileReference; explicitFileType = wrapper.application; includeInIndex = 0; path = NotesCollection.app; sourceTree = BUILT_PRODUCTS_DIR; };
		3355F6AA22A99E20001FDE0E /* AppDelegate.swift */ = {isa = PBXFileReference; lastKnownFileType = sourcecode.swift; path = AppDelegate.swift; sourceTree = "<group>"; };
		3355F6AC22A99E20001FDE0E /* ViewController.swift */ = {isa = PBXFileReference; lastKnownFileType = sourcecode.swift; path = ViewController.swift; sourceTree = "<group>"; };
		3355F6AF22A99E20001FDE0E /* Base */ = {isa = PBXFileReference; lastKnownFileType = file.storyboard; name = Base; path = Base.lproj/Main.storyboard; sourceTree = "<group>"; };
		3355F6B222A99E20001FDE0E /* NotesCollection.xcdatamodel */ = {isa = PBXFileReference; lastKnownFileType = wrapper.xcdatamodel; path = NotesCollection.xcdatamodel; sourceTree = "<group>"; };
		3355F6B422A99E21001FDE0E /* Assets.xcassets */ = {isa = PBXFileReference; lastKnownFileType = folder.assetcatalog; path = Assets.xcassets; sourceTree = "<group>"; };
		3355F6B722A99E21001FDE0E /* Base */ = {isa = PBXFileReference; lastKnownFileType = file.storyboard; name = Base; path = Base.lproj/LaunchScreen.storyboard; sourceTree = "<group>"; };
		3355F6B922A99E21001FDE0E /* Info.plist */ = {isa = PBXFileReference; lastKnownFileType = text.plist.xml; path = Info.plist; sourceTree = "<group>"; };
		3355F6C222A9A502001FDE0E /* NoteType.swift */ = {isa = PBXFileReference; lastKnownFileType = sourcecode.swift; path = NoteType.swift; sourceTree = "<group>"; };
		3355F6C422A9AB4A001FDE0E /* PostItCollectionTableViewCell.swift */ = {isa = PBXFileReference; lastKnownFileType = sourcecode.swift; path = PostItCollectionTableViewCell.swift; sourceTree = "<group>"; };
		3355F6C622A9ACAF001FDE0E /* PostItCollectionViewCell.swift */ = {isa = PBXFileReference; lastKnownFileType = sourcecode.swift; path = PostItCollectionViewCell.swift; sourceTree = "<group>"; };
/* End PBXFileReference section */

/* Begin PBXFrameworksBuildPhase section */
		3355F6A422A99E20001FDE0E /* Frameworks */ = {
			isa = PBXFrameworksBuildPhase;
			buildActionMask = 2147483647;
			files = (
			);
			runOnlyForDeploymentPostprocessing = 0;
		};
/* End PBXFrameworksBuildPhase section */

/* Begin PBXGroup section */
		041C4F5F22AC70390036BEEC /* Extensions */ = {
			isa = PBXGroup;
			children = (
				041C4F6022AC70390036BEEC /* UIButtonExtension.swift */,
				041C4F6122AC70390036BEEC /* UIViewExtension.swift */,
			);
			path = Extensions;
			sourceTree = "<group>";
		};
		3355F69E22A99E20001FDE0E = {
			isa = PBXGroup;
			children = (
				3355F6A922A99E20001FDE0E /* NotesCollection */,
				3355F6A822A99E20001FDE0E /* Products */,
			);
			sourceTree = "<group>";
		};
		3355F6A822A99E20001FDE0E /* Products */ = {
			isa = PBXGroup;
			children = (
				3355F6A722A99E20001FDE0E /* NotesCollection.app */,
			);
			name = Products;
			sourceTree = "<group>";
		};
		3355F6A922A99E20001FDE0E /* NotesCollection */ = {
			isa = PBXGroup;
			children = (
				041C4F5F22AC70390036BEEC /* Extensions */,
				3355F6C122A9A4A1001FDE0E /* Model */,
				3355F6BF22A99F31001FDE0E /* Controller */,
				3355F6C022A99F88001FDE0E /* View */,
				3355F6B422A99E21001FDE0E /* Assets.xcassets */,
				3355F6B922A99E21001FDE0E /* Info.plist */,
				3355F6B122A99E20001FDE0E /* NotesCollection.xcdatamodeld */,
			);
			path = NotesCollection;
			sourceTree = "<group>";
		};
		3355F6BF22A99F31001FDE0E /* Controller */ = {
			isa = PBXGroup;
			children = (
				041C4F5922AC70210036BEEC /* SecondViewController.swift */,
				3355F6AA22A99E20001FDE0E /* AppDelegate.swift */,
				3355F6AC22A99E20001FDE0E /* ViewController.swift */,
			);
			path = Controller;
			sourceTree = "<group>";
		};
		3355F6C022A99F88001FDE0E /* View */ = {
			isa = PBXGroup;
			children = (
				3355F6C422A9AB4A001FDE0E /* PostItCollectionTableViewCell.swift */,
				3355F6AE22A99E20001FDE0E /* Main.storyboard */,
				3355F6B622A99E21001FDE0E /* LaunchScreen.storyboard */,
				3355F6C622A9ACAF001FDE0E /* PostItCollectionViewCell.swift */,
			);
			path = View;
			sourceTree = "<group>";
		};
		3355F6C122A9A4A1001FDE0E /* Model */ = {
			isa = PBXGroup;
			children = (
				3355F6C222A9A502001FDE0E /* NoteType.swift */,
			);
			path = Model;
			sourceTree = "<group>";
		};
/* End PBXGroup section */

/* Begin PBXNativeTarget section */
		3355F6A622A99E20001FDE0E /* NotesCollection */ = {
			isa = PBXNativeTarget;
			buildConfigurationList = 3355F6BC22A99E21001FDE0E /* Build configuration list for PBXNativeTarget "NotesCollection" */;
			buildPhases = (
				3355F6A322A99E20001FDE0E /* Sources */,
				3355F6A422A99E20001FDE0E /* Frameworks */,
				3355F6A522A99E20001FDE0E /* Resources */,
			);
			buildRules = (
			);
			dependencies = (
			);
			name = NotesCollection;
			productName = NotesCollection;
			productReference = 3355F6A722A99E20001FDE0E /* NotesCollection.app */;
			productType = "com.apple.product-type.application";
		};
/* End PBXNativeTarget section */

/* Begin PBXProject section */
		3355F69F22A99E20001FDE0E /* Project object */ = {
			isa = PBXProject;
			attributes = {
				LastSwiftUpdateCheck = 1020;
				LastUpgradeCheck = 1020;
				ORGANIZATIONNAME = Pedro;
				TargetAttributes = {
					3355F6A622A99E20001FDE0E = {
						CreatedOnToolsVersion = 10.2.1;
					};
				};
			};
			buildConfigurationList = 3355F6A222A99E20001FDE0E /* Build configuration list for PBXProject "NotesCollection" */;
			compatibilityVersion = "Xcode 9.3";
			developmentRegion = en;
			hasScannedForEncodings = 0;
			knownRegions = (
				en,
				Base,
			);
			mainGroup = 3355F69E22A99E20001FDE0E;
			productRefGroup = 3355F6A822A99E20001FDE0E /* Products */;
			projectDirPath = "";
			projectRoot = "";
			targets = (
				3355F6A622A99E20001FDE0E /* NotesCollection */,
			);
		};
/* End PBXProject section */

/* Begin PBXResourcesBuildPhase section */
		3355F6A522A99E20001FDE0E /* Resources */ = {
			isa = PBXResourcesBuildPhase;
			buildActionMask = 2147483647;
			files = (
				3355F6B822A99E21001FDE0E /* LaunchScreen.storyboard in Resources */,
				3355F6B522A99E21001FDE0E /* Assets.xcassets in Resources */,
				3355F6B022A99E20001FDE0E /* Main.storyboard in Resources */,
			);
			runOnlyForDeploymentPostprocessing = 0;
		};
/* End PBXResourcesBuildPhase section */

/* Begin PBXSourcesBuildPhase section */
		3355F6A322A99E20001FDE0E /* Sources */ = {
			isa = PBXSourcesBuildPhase;
			buildActionMask = 2147483647;
			files = (
				3355F6AD22A99E20001FDE0E /* ViewController.swift in Sources */,
				041C4F6222AC70390036BEEC /* UIButtonExtension.swift in Sources */,
				041C4F6322AC70390036BEEC /* UIViewExtension.swift in Sources */,
				3355F6C322A9A502001FDE0E /* NoteType.swift in Sources */,
				3355F6AB22A99E20001FDE0E /* AppDelegate.swift in Sources */,
				3355F6C722A9ACAF001FDE0E /* PostItCollectionViewCell.swift in Sources */,
				041C4F5A22AC70210036BEEC /* SecondViewController.swift in Sources */,
				3355F6C522A9AB4A001FDE0E /* PostItCollectionTableViewCell.swift in Sources */,
				3355F6B322A99E20001FDE0E /* NotesCollection.xcdatamodeld in Sources */,
			);
			runOnlyForDeploymentPostprocessing = 0;
		};
/* End PBXSourcesBuildPhase section */

/* Begin PBXVariantGroup section */
		3355F6AE22A99E20001FDE0E /* Main.storyboard */ = {
			isa = PBXVariantGroup;
			children = (
				3355F6AF22A99E20001FDE0E /* Base */,
			);
			name = Main.storyboard;
			sourceTree = "<group>";
		};
		3355F6B622A99E21001FDE0E /* LaunchScreen.storyboard */ = {
			isa = PBXVariantGroup;
			children = (
				3355F6B722A99E21001FDE0E /* Base */,
			);
			name = LaunchScreen.storyboard;
			sourceTree = "<group>";
		};
/* End PBXVariantGroup section */

/* Begin XCBuildConfiguration section */
		3355F6BA22A99E21001FDE0E /* Debug */ = {
			isa = XCBuildConfiguration;
			buildSettings = {
				ALWAYS_SEARCH_USER_PATHS = NO;
				CLANG_ANALYZER_NONNULL = YES;
				CLANG_ANALYZER_NUMBER_OBJECT_CONVERSION = YES_AGGRESSIVE;
				CLANG_CXX_LANGUAGE_STANDARD = "gnu++14";
				CLANG_CXX_LIBRARY = "libc++";
				CLANG_ENABLE_MODULES = YES;
				CLANG_ENABLE_OBJC_ARC = YES;
				CLANG_ENABLE_OBJC_WEAK = YES;
				CLANG_WARN_BLOCK_CAPTURE_AUTORELEASING = YES;
				CLANG_WARN_BOOL_CONVERSION = YES;
				CLANG_WARN_COMMA = YES;
				CLANG_WARN_CONSTANT_CONVERSION = YES;
				CLANG_WARN_DEPRECATED_OBJC_IMPLEMENTATIONS = YES;
				CLANG_WARN_DIRECT_OBJC_ISA_USAGE = YES_ERROR;
				CLANG_WARN_DOCUMENTATION_COMMENTS = YES;
				CLANG_WARN_EMPTY_BODY = YES;
				CLANG_WARN_ENUM_CONVERSION = YES;
				CLANG_WARN_INFINITE_RECURSION = YES;
				CLANG_WARN_INT_CONVERSION = YES;
				CLANG_WARN_NON_LITERAL_NULL_CONVERSION = YES;
				CLANG_WARN_OBJC_IMPLICIT_RETAIN_SELF = YES;
				CLANG_WARN_OBJC_LITERAL_CONVERSION = YES;
				CLANG_WARN_OBJC_ROOT_CLASS = YES_ERROR;
				CLANG_WARN_RANGE_LOOP_ANALYSIS = YES;
				CLANG_WARN_STRICT_PROTOTYPES = YES;
				CLANG_WARN_SUSPICIOUS_MOVE = YES;
				CLANG_WARN_UNGUARDED_AVAILABILITY = YES_AGGRESSIVE;
				CLANG_WARN_UNREACHABLE_CODE = YES;
				CLANG_WARN__DUPLICATE_METHOD_MATCH = YES;
				CODE_SIGN_IDENTITY = "iPhone Developer";
				COPY_PHASE_STRIP = NO;
				DEBUG_INFORMATION_FORMAT = dwarf;
				ENABLE_STRICT_OBJC_MSGSEND = YES;
				ENABLE_TESTABILITY = YES;
				GCC_C_LANGUAGE_STANDARD = gnu11;
				GCC_DYNAMIC_NO_PIC = NO;
				GCC_NO_COMMON_BLOCKS = YES;
				GCC_OPTIMIZATION_LEVEL = 0;
				GCC_PREPROCESSOR_DEFINITIONS = (
					"DEBUG=1",
					"$(inherited)",
				);
				GCC_WARN_64_TO_32_BIT_CONVERSION = YES;
				GCC_WARN_ABOUT_RETURN_TYPE = YES_ERROR;
				GCC_WARN_UNDECLARED_SELECTOR = YES;
				GCC_WARN_UNINITIALIZED_AUTOS = YES_AGGRESSIVE;
				GCC_WARN_UNUSED_FUNCTION = YES;
				GCC_WARN_UNUSED_VARIABLE = YES;
				IPHONEOS_DEPLOYMENT_TARGET = 12.2;
				MTL_ENABLE_DEBUG_INFO = INCLUDE_SOURCE;
				MTL_FAST_MATH = YES;
				ONLY_ACTIVE_ARCH = YES;
				SDKROOT = iphoneos;
				SWIFT_ACTIVE_COMPILATION_CONDITIONS = DEBUG;
				SWIFT_OPTIMIZATION_LEVEL = "-Onone";
			};
			name = Debug;
		};
		3355F6BB22A99E21001FDE0E /* Release */ = {
			isa = XCBuildConfiguration;
			buildSettings = {
				ALWAYS_SEARCH_USER_PATHS = NO;
				CLANG_ANALYZER_NONNULL = YES;
				CLANG_ANALYZER_NUMBER_OBJECT_CONVERSION = YES_AGGRESSIVE;
				CLANG_CXX_LANGUAGE_STANDARD = "gnu++14";
				CLANG_CXX_LIBRARY = "libc++";
				CLANG_ENABLE_MODULES = YES;
				CLANG_ENABLE_OBJC_ARC = YES;
				CLANG_ENABLE_OBJC_WEAK = YES;
				CLANG_WARN_BLOCK_CAPTURE_AUTORELEASING = YES;
				CLANG_WARN_BOOL_CONVERSION = YES;
				CLANG_WARN_COMMA = YES;
				CLANG_WARN_CONSTANT_CONVERSION = YES;
				CLANG_WARN_DEPRECATED_OBJC_IMPLEMENTATIONS = YES;
				CLANG_WARN_DIRECT_OBJC_ISA_USAGE = YES_ERROR;
				CLANG_WARN_DOCUMENTATION_COMMENTS = YES;
				CLANG_WARN_EMPTY_BODY = YES;
				CLANG_WARN_ENUM_CONVERSION = YES;
				CLANG_WARN_INFINITE_RECURSION = YES;
				CLANG_WARN_INT_CONVERSION = YES;
				CLANG_WARN_NON_LITERAL_NULL_CONVERSION = YES;
				CLANG_WARN_OBJC_IMPLICIT_RETAIN_SELF = YES;
				CLANG_WARN_OBJC_LITERAL_CONVERSION = YES;
				CLANG_WARN_OBJC_ROOT_CLASS = YES_ERROR;
				CLANG_WARN_RANGE_LOOP_ANALYSIS = YES;
				CLANG_WARN_STRICT_PROTOTYPES = YES;
				CLANG_WARN_SUSPICIOUS_MOVE = YES;
				CLANG_WARN_UNGUARDED_AVAILABILITY = YES_AGGRESSIVE;
				CLANG_WARN_UNREACHABLE_CODE = YES;
				CLANG_WARN__DUPLICATE_METHOD_MATCH = YES;
				CODE_SIGN_IDENTITY = "iPhone Developer";
				COPY_PHASE_STRIP = NO;
				DEBUG_INFORMATION_FORMAT = "dwarf-with-dsym";
				ENABLE_NS_ASSERTIONS = NO;
				ENABLE_STRICT_OBJC_MSGSEND = YES;
				GCC_C_LANGUAGE_STANDARD = gnu11;
				GCC_NO_COMMON_BLOCKS = YES;
				GCC_WARN_64_TO_32_BIT_CONVERSION = YES;
				GCC_WARN_ABOUT_RETURN_TYPE = YES_ERROR;
				GCC_WARN_UNDECLARED_SELECTOR = YES;
				GCC_WARN_UNINITIALIZED_AUTOS = YES_AGGRESSIVE;
				GCC_WARN_UNUSED_FUNCTION = YES;
				GCC_WARN_UNUSED_VARIABLE = YES;
				IPHONEOS_DEPLOYMENT_TARGET = 12.2;
				MTL_ENABLE_DEBUG_INFO = NO;
				MTL_FAST_MATH = YES;
				SDKROOT = iphoneos;
				SWIFT_COMPILATION_MODE = wholemodule;
				SWIFT_OPTIMIZATION_LEVEL = "-O";
				VALIDATE_PRODUCT = YES;
			};
			name = Release;
		};
		3355F6BD22A99E21001FDE0E /* Debug */ = {
			isa = XCBuildConfiguration;
			buildSettings = {
				ASSETCATALOG_COMPILER_APPICON_NAME = AppIcon;
				CODE_SIGN_STYLE = Automatic;
				DEVELOPMENT_TEAM = DZPZD745C7;
				INFOPLIST_FILE = NotesCollection/Info.plist;
				LD_RUNPATH_SEARCH_PATHS = (
					"$(inherited)",
					"@executable_path/Frameworks",
				);
				PRODUCT_BUNDLE_IDENTIFIER = pedro.NotesCollection;
				PRODUCT_NAME = "$(TARGET_NAME)";
				SWIFT_VERSION = 5.0;
				TARGETED_DEVICE_FAMILY = "1,2";
			};
			name = Debug;
		};
		3355F6BE22A99E21001FDE0E /* Release */ = {
			isa = XCBuildConfiguration;
			buildSettings = {
				ASSETCATALOG_COMPILER_APPICON_NAME = AppIcon;
				CODE_SIGN_STYLE = Automatic;
				DEVELOPMENT_TEAM = DZPZD745C7;
				INFOPLIST_FILE = NotesCollection/Info.plist;
				LD_RUNPATH_SEARCH_PATHS = (
					"$(inherited)",
					"@executable_path/Frameworks",
				);
				PRODUCT_BUNDLE_IDENTIFIER = pedro.NotesCollection;
				PRODUCT_NAME = "$(TARGET_NAME)";
				SWIFT_VERSION = 5.0;
				TARGETED_DEVICE_FAMILY = "1,2";
			};
			name = Release;
		};
/* End XCBuildConfiguration section */

/* Begin XCConfigurationList section */
		3355F6A222A99E20001FDE0E /* Build configuration list for PBXProject "NotesCollection" */ = {
			isa = XCConfigurationList;
			buildConfigurations = (
				3355F6BA22A99E21001FDE0E /* Debug */,
				3355F6BB22A99E21001FDE0E /* Release */,
			);
			defaultConfigurationIsVisible = 0;
			defaultConfigurationName = Release;
		};
		3355F6BC22A99E21001FDE0E /* Build configuration list for PBXNativeTarget "NotesCollection" */ = {
			isa = XCConfigurationList;
			buildConfigurations = (
				3355F6BD22A99E21001FDE0E /* Debug */,
				3355F6BE22A99E21001FDE0E /* Release */,
			);
			defaultConfigurationIsVisible = 0;
			defaultConfigurationName = Release;
		};
/* End XCConfigurationList section */

/* Begin XCVersionGroup section */
		3355F6B122A99E20001FDE0E /* NotesCollection.xcdatamodeld */ = {
			isa = XCVersionGroup;
			children = (
				3355F6B222A99E20001FDE0E /* NotesCollection.xcdatamodel */,
			);
			currentVersion = 3355F6B222A99E20001FDE0E /* NotesCollection.xcdatamodel */;
			path = NotesCollection.xcdatamodeld;
			sourceTree = "<group>";
			versionGroupType = wrapper.xcdatamodel;
		};
/* End XCVersionGroup section */
	};
	rootObject = 3355F69F22A99E20001FDE0E /* Project object */;
}
